
Microsoft Visual Studio Solution File, Format Version 12.00
# Visual Studio Version 17
VisualStudioVersion = 17.11.35222.181
MinimumVisualStudioVersion = 10.0.40219.1
Project("{9A19103F-16F7-4668-BE54-9A1E7A4F7556}") = "InterviewTaskWebApi.Api", "InterviewTaskWebApi.Api\InterviewTaskWebApi.Api.csproj", "{E44AF24C-7820-4115-9237-60E54A1AA8AE}"
EndProject
Project("{9A19103F-16F7-4668-BE54-9A1E7A4F7556}") = "InterviewTaskWebApi.Domain", "InterviewTaskWebApi.Domain\InterviewTaskWebApi.Domain.csproj", "{6632EE7C-D788-4A7A-B8AD-C6F9F3FF231F}"
EndProject
Project("{9A19103F-16F7-4668-BE54-9A1E7A4F7556}") = "InterviewTaskWebApi.Application", "InterviewTaskWebApi.Application\InterviewTaskWebApi.Application.csproj", "{EC5CDAB5-E3D2-44CC-BE73-6F111606809D}"
EndProject
Project("{9A19103F-16F7-4668-BE54-9A1E7A4F7556}") = "InterviewTaskWebApi.Infrustructure", "InterviewTaskWebApi.Infrustructure\InterviewTaskWebApi.Infrustructure.csproj", "{2CCB79CA-E4CB-4C4C-AE14-5CC9A777B16B}"
EndProject
Project("{FAE04EC0-301F-11D3-BF4B-00C04F79EFBC}") = "UnitTesting", "UnitTesting\UnitTesting.csproj", "{8D227559-DB74-4B6E-B959-D2C9D8A605BF}"
EndProject
Global
	GlobalSection(SolutionConfigurationPlatforms) = preSolution
		Debug|Any CPU = Debug|Any CPU
		Release|Any CPU = Release|Any CPU
	EndGlobalSection
	GlobalSection(ProjectConfigurationPlatforms) = postSolution
		{E44AF24C-7820-4115-9237-60E54A1AA8AE}.Debug|Any CPU.ActiveCfg = Debug|Any CPU
		{E44AF24C-7820-4115-9237-60E54A1AA8AE}.Debug|Any CPU.Build.0 = Debug|Any CPU
		{E44AF24C-7820-4115-9237-60E54A1AA8AE}.Release|Any CPU.ActiveCfg = Release|Any CPU
		{E44AF24C-7820-4115-9237-60E54A1AA8AE}.Release|Any CPU.Build.0 = Release|Any CPU
		{6632EE7C-D788-4A7A-B8AD-C6F9F3FF231F}.Debug|Any CPU.ActiveCfg = Debug|Any CPU
		{6632EE7C-D788-4A7A-B8AD-C6F9F3FF231F}.Debug|Any CPU.Build.0 = Debug|Any CPU
		{6632EE7C-D788-4A7A-B8AD-C6F9F3FF231F}.Release|Any CPU.ActiveCfg = Release|Any CPU
		{6632EE7C-D788-4A7A-B8AD-C6F9F3FF231F}.Release|Any CPU.Build.0 = Release|Any CPU
		{EC5CDAB5-E3D2-44CC-BE73-6F111606809D}.Debug|Any CPU.ActiveCfg = Debug|Any CPU
		{EC5CDAB5-E3D2-44CC-BE73-6F111606809D}.Debug|Any CPU.Build.0 = Debug|Any CPU
		{EC5CDAB5-E3D2-44CC-BE73-6F111606809D}.Release|Any CPU.ActiveCfg = Release|Any CPU
		{EC5CDAB5-E3D2-44CC-BE73-6F111606809D}.Release|Any CPU.Build.0 = Release|Any CPU
		{2CCB79CA-E4CB-4C4C-AE14-5CC9A777B16B}.Debug|Any CPU.ActiveCfg = Debug|Any CPU
		{2CCB79CA-E4CB-4C4C-AE14-5CC9A777B16B}.Debug|Any CPU.Build.0 = Debug|Any CPU
		{2CCB79CA-E4CB-4C4C-AE14-5CC9A777B16B}.Release|Any CPU.ActiveCfg = Release|Any CPU
		{2CCB79CA-E4CB-4C4C-AE14-5CC9A777B16B}.Release|Any CPU.Build.0 = Release|Any CPU
		{8D227559-DB74-4B6E-B959-D2C9D8A605BF}.Debug|Any CPU.ActiveCfg = Debug|Any CPU
		{8D227559-DB74-4B6E-B959-D2C9D8A605BF}.Debug|Any CPU.Build.0 = Debug|Any CPU
		{8D227559-DB74-4B6E-B959-D2C9D8A605BF}.Release|Any CPU.ActiveCfg = Release|Any CPU
		{8D227559-DB74-4B6E-B959-D2C9D8A605BF}.Release|Any CPU.Build.0 = Release|Any CPU
	EndGlobalSection
	GlobalSection(SolutionProperties) = preSolution
		HideSolutionNode = FALSE
	EndGlobalSection
	GlobalSection(ExtensibilityGlobals) = postSolution
		SolutionGuid = {6417E6D2-8635-4D81-BB22-40097DEBDB17}
	EndGlobalSection
EndGlobal
